
Microsoft Visual Studio Solution File, Format Version 12.00
# Visual Studio 15
VisualStudioVersion = 15.0.27703.2035
MinimumVisualStudioVersion = 10.0.40219.1
Project("{FAE04EC0-301F-11D3-BF4B-00C04F79EFBC}") = "Triangle", "Triangle\Triangle.csproj", "{0C075D3F-DFE9-4113-B80B-F863F30B96DF}"
EndProject
Global
	GlobalSection(SolutionConfigurationPlatforms) = preSolution
		Debug|Any CPU = Debug|Any CPU
		Release|Any CPU = Release|Any CPU
	EndGlobalSection
	GlobalSection(ProjectConfigurationPlatforms) = postSolution
		{0C075D3F-DFE9-4113-B80B-F863F30B96DF}.Debug|Any CPU.ActiveCfg = Debug|Any CPU
		{0C075D3F-DFE9-4113-B80B-F863F30B96DF}.Debug|Any CPU.Build.0 = Debug|Any CPU
		{0C075D3F-DFE9-4113-B80B-F863F30B96DF}.Release|Any CPU.ActiveCfg = Release|Any CPU
		{0C075D3F-DFE9-4113-B80B-F863F30B96DF}.Release|Any CPU.Build.0 = Release|Any CPU
	EndGlobalSection
	GlobalSection(SolutionProperties) = preSolution
		HideSolutionNode = FALSE
	EndGlobalSection
	GlobalSection(ExtensibilityGlobals) = postSolution
		SolutionGuid = {CEFEE649-3CDB-43C4-A677-74FF46F22914}
	EndGlobalSection
EndGlobal
