
Microsoft Visual Studio Solution File, Format Version 12.00
# Visual Studio 15
VisualStudioVersion = 15.0.27703.2035
MinimumVisualStudioVersion = 10.0.40219.1
Project("{FAE04EC0-301F-11D3-BF4B-00C04F79EFBC}") = "AllTogether", "AllTogehter\AllTogether.csproj", "{4E8E2910-8B34-40F9-A302-FF9206760EBF}"
EndProject
Global
	GlobalSection(SolutionConfigurationPlatforms) = preSolution
		Debug|Any CPU = Debug|Any CPU
		Release|Any CPU = Release|Any CPU
	EndGlobalSection
	GlobalSection(ProjectConfigurationPlatforms) = postSolution
		{4E8E2910-8B34-40F9-A302-FF9206760EBF}.Debug|Any CPU.ActiveCfg = Debug|Any CPU
		{4E8E2910-8B34-40F9-A302-FF9206760EBF}.Debug|Any CPU.Build.0 = Debug|Any CPU
		{4E8E2910-8B34-40F9-A302-FF9206760EBF}.Release|Any CPU.ActiveCfg = Release|Any CPU
		{4E8E2910-8B34-40F9-A302-FF9206760EBF}.Release|Any CPU.Build.0 = Release|Any CPU
	EndGlobalSection
	GlobalSection(SolutionProperties) = preSolution
		HideSolutionNode = FALSE
	EndGlobalSection
	GlobalSection(ExtensibilityGlobals) = postSolution
		SolutionGuid = {20787065-5F02-444C-BC42-A70D5A916120}
	EndGlobalSection
EndGlobal
