
Microsoft Visual Studio Solution File, Format Version 12.00
# Visual Studio 15
VisualStudioVersion = 15.0.27703.2035
MinimumVisualStudioVersion = 10.0.40219.1
Project("{FAE04EC0-301F-11D3-BF4B-00C04F79EFBC}") = "DualNumbersWindowsForms", "DualNumbersWindowsForms\DualNumbersWindowsForms.csproj", "{29A78162-5525-47A6-A129-BC095FE4CB6A}"
EndProject
Project("{FAE04EC0-301F-11D3-BF4B-00C04F79EFBC}") = "DualNumbersWithoutSign", "DualNumbersWithoutSign\DualNumbersWithoutSign.csproj", "{04188EF8-430E-489D-BB76-B810FB890696}"
EndProject
Project("{FAE04EC0-301F-11D3-BF4B-00C04F79EFBC}") = "ConvertTo", "ConvertTo\ConvertTo.csproj", "{C558273A-3024-43C2-8DE9-662587116753}"
EndProject
Global
	GlobalSection(SolutionConfigurationPlatforms) = preSolution
		Debug|Any CPU = Debug|Any CPU
		Release|Any CPU = Release|Any CPU
	EndGlobalSection
	GlobalSection(ProjectConfigurationPlatforms) = postSolution
		{29A78162-5525-47A6-A129-BC095FE4CB6A}.Debug|Any CPU.ActiveCfg = Debug|Any CPU
		{29A78162-5525-47A6-A129-BC095FE4CB6A}.Debug|Any CPU.Build.0 = Debug|Any CPU
		{29A78162-5525-47A6-A129-BC095FE4CB6A}.Release|Any CPU.ActiveCfg = Release|Any CPU
		{29A78162-5525-47A6-A129-BC095FE4CB6A}.Release|Any CPU.Build.0 = Release|Any CPU
		{04188EF8-430E-489D-BB76-B810FB890696}.Debug|Any CPU.ActiveCfg = Debug|Any CPU
		{04188EF8-430E-489D-BB76-B810FB890696}.Debug|Any CPU.Build.0 = Debug|Any CPU
		{04188EF8-430E-489D-BB76-B810FB890696}.Release|Any CPU.ActiveCfg = Release|Any CPU
		{04188EF8-430E-489D-BB76-B810FB890696}.Release|Any CPU.Build.0 = Release|Any CPU
		{C558273A-3024-43C2-8DE9-662587116753}.Debug|Any CPU.ActiveCfg = Debug|Any CPU
		{C558273A-3024-43C2-8DE9-662587116753}.Debug|Any CPU.Build.0 = Debug|Any CPU
		{C558273A-3024-43C2-8DE9-662587116753}.Release|Any CPU.ActiveCfg = Release|Any CPU
		{C558273A-3024-43C2-8DE9-662587116753}.Release|Any CPU.Build.0 = Release|Any CPU
	EndGlobalSection
	GlobalSection(SolutionProperties) = preSolution
		HideSolutionNode = FALSE
	EndGlobalSection
	GlobalSection(ExtensibilityGlobals) = postSolution
		SolutionGuid = {2F2499EE-B6D8-441F-B372-960350B5EBBD}
	EndGlobalSection
EndGlobal
